
Microsoft Visual Studio Solution File, Format Version 12.00
Project("{2150E333-8FDC-42A3-9474-1A3956D46DE8}") = "Aspire", "Aspire", "{006DDED6-FB11-415E-904C-C7519131340B}"
EndProject
Project("{2150E333-8FDC-42A3-9474-1A3956D46DE8}") = "Api", "Api", "{F95A2ACC-FEFE-4593-8ED8-A69312CA3548}"
EndProject
Project("{FAE04EC0-301F-11D3-BF4B-00C04F79EFBC}") = "TavernTrashers.AppHost", "aspire\TavernTrashers.AppHost\TavernTrashers.AppHost.csproj", "{9603F123-0EE6-4E35-AE62-82D351B447A4}"
EndProject
Project("{FAE04EC0-301F-11D3-BF4B-00C04F79EFBC}") = "TavernTrashers.ServiceDefaults", "aspire\TavernTrashers.ServiceDefaults\TavernTrashers.ServiceDefaults.csproj", "{BF40278F-3179-4517-9283-C19DC36AA05C}"
EndProject
Project("{FAE04EC0-301F-11D3-BF4B-00C04F79EFBC}") = "TavernTrashers.Api", "api\TavernTrashers.Api\TavernTrashers.Api.csproj", "{24F0616C-0168-4577-9CC7-099136BED340}"
EndProject
Project("{FAE04EC0-301F-11D3-BF4B-00C04F79EFBC}") = "TavernTrashers.MigrationService", "api\TavernTrashers.MigrationService\TavernTrashers.MigrationService.csproj", "{C1AEBE85-3C89-4742-B2AA-63ABE20931BA}"
EndProject
Project("{2150E333-8FDC-42A3-9474-1A3956D46DE8}") = "Common", "Common", "{348D770D-B6C0-4D6E-9039-C35630209945}"
EndProject
Project("{2150E333-8FDC-42A3-9474-1A3956D46DE8}") = "Modules", "Modules", "{7C5A081C-622E-4498-AEA3-2232BA31823D}"
EndProject
Project("{2150E333-8FDC-42A3-9474-1A3956D46DE8}") = "Campaigns", "Campaigns", "{1FF4209B-133B-4121-A124-A75140797D7E}"
EndProject
Project("{FAE04EC0-301F-11D3-BF4B-00C04F79EFBC}") = "TavernTrashers.Api.Common.Domain", "api\common\TavernTrashers.Api.Common.Domain\TavernTrashers.Api.Common.Domain.csproj", "{2966A66F-0AA1-428F-B3FB-9C92C4BE3D8C}"
EndProject
Project("{FAE04EC0-301F-11D3-BF4B-00C04F79EFBC}") = "TavernTrashers.Api.Modules.Campaigns.Domain", "api\modules\campaigns\TavernTrashers.Api.Modules.Campaigns.Domain\TavernTrashers.Api.Modules.Campaigns.Domain.csproj", "{9E74B03F-3F2B-4B3D-8482-4DFBEEF10399}"
EndProject
Project("{FAE04EC0-301F-11D3-BF4B-00C04F79EFBC}") = "TavernTrashers.Api.Common.Application", "api\common\TavernTrashers.Api.Common.Application\TavernTrashers.Api.Common.Application.csproj", "{C1F9F0C2-FB7B-4D8B-9523-5BA551AC4B5E}"
EndProject
Project("{FAE04EC0-301F-11D3-BF4B-00C04F79EFBC}") = "TavernTrashers.Api.Modules.Campaigns.Application", "api\modules\campaigns\TavernTrashers.Api.Modules.Campaigns.Application\TavernTrashers.Api.Modules.Campaigns.Application.csproj", "{BF0F8ADA-CBBB-446C-BF72-3C3369DB4B08}"
EndProject
Project("{FAE04EC0-301F-11D3-BF4B-00C04F79EFBC}") = "TavernTrashers.Api.Modules.Campaigns.Infrastructure", "api\modules\campaigns\TavernTrashers.Api.Modules.Campaigns.Infrastructure\TavernTrashers.Api.Modules.Campaigns.Infrastructure.csproj", "{466D0B98-0FB3-444C-88F8-2A83DE943FEE}"
EndProject
Project("{FAE04EC0-301F-11D3-BF4B-00C04F79EFBC}") = "TavernTrashers.Api.Common.Infrastructure", "api\common\TavernTrashers.Api.Common.Infrastructure\TavernTrashers.Api.Common.Infrastructure.csproj", "{72B87F6F-D793-4CEC-9EBB-11B0A371DECC}"
EndProject
Project("{FAE04EC0-301F-11D3-BF4B-00C04F79EFBC}") = "TavernTrashers.Api.Modules.Campaigns.Presentation", "api\modules\campaigns\TavernTrashers.Api.Modules.Campaigns.Presentation\TavernTrashers.Api.Modules.Campaigns.Presentation.csproj", "{9603281F-69C0-47DF-85E8-F697DB2276A0}"
EndProject
Project("{FAE04EC0-301F-11D3-BF4B-00C04F79EFBC}") = "TavernTrashers.Api.Common.Presentation", "api\common\TavernTrashers.Api.Common.Presentation\TavernTrashers.Api.Common.Presentation.csproj", "{DA97B6D6-1DE7-4081-955B-A24CBBB5E3C7}"
EndProject
Project("{FAE04EC0-301F-11D3-BF4B-00C04F79EFBC}") = "TavernTrashers.Api.Modules.Campaigns.Domain.Tests", "api\modules\campaigns\TavernTrashers.Api.Modules.Campaigns.Domain.Tests\TavernTrashers.Api.Modules.Campaigns.Domain.Tests.csproj", "{EEB9DF11-D1D4-4632-9565-9261BE540488}"
EndProject
Project("{FAE04EC0-301F-11D3-BF4B-00C04F79EFBC}") = "TavernTrashers.Api.Common.Testing", "api\common\TavernTrashers.Api.Common.Testing\TavernTrashers.Api.Common.Testing.csproj", "{78264F5F-C517-4B6A-A6E9-1B1E14E7467A}"
EndProject
Project("{2150E333-8FDC-42A3-9474-1A3956D46DE8}") = "Web", "Web", "{0E0B7D46-9131-48F4-9354-4D7D8CA27C2B}"
EndProject
Project("{2150E333-8FDC-42A3-9474-1A3956D46DE8}") = "Users", "Users", "{3F652053-B90E-45B2-8B66-6C22BFB393A8}"
EndProject
Project("{FAE04EC0-301F-11D3-BF4B-00C04F79EFBC}") = "TavernTrashers.Api.Modules.Users.Domain", "api\modules\users\TavernTrashers.Api.Modules.Users.Domain\TavernTrashers.Api.Modules.Users.Domain.csproj", "{D92940B6-C4EB-4480-BB4C-42BC3BC9ECEA}"
EndProject
Project("{FAE04EC0-301F-11D3-BF4B-00C04F79EFBC}") = "TavernTrashers.Api.Modules.Users.Application", "api\modules\users\TavernTrashers.Api.Modules.Users.Application\TavernTrashers.Api.Modules.Users.Application.csproj", "{471C54B1-3ED7-4BC2-AD8D-072067955C89}"
EndProject
Project("{FAE04EC0-301F-11D3-BF4B-00C04F79EFBC}") = "TavernTrashers.Api.Modules.Users.IntegrationEvents", "api\modules\users\TavernTrashers.Api.Modules.Users.IntegrationEvents\TavernTrashers.Api.Modules.Users.IntegrationEvents.csproj", "{1C9EB4D1-7041-47E6-B1BB-EF19E0FBECDA}"
EndProject
Project("{FAE04EC0-301F-11D3-BF4B-00C04F79EFBC}") = "TavernTrashers.Api.Modules.Users.Infrastructure", "api\modules\users\TavernTrashers.Api.Modules.Users.Infrastructure\TavernTrashers.Api.Modules.Users.Infrastructure.csproj", "{62B0F8C7-4694-413D-9C1D-07044E216F6C}"
EndProject
Project("{FAE04EC0-301F-11D3-BF4B-00C04F79EFBC}") = "TavernTrashers.Api.Modules.Users.Presentation", "api\modules\users\TavernTrashers.Api.Modules.Users.Presentation\TavernTrashers.Api.Modules.Users.Presentation.csproj", "{AB10EAC5-293F-47A3-869E-CE69AB63F137}"
EndProject
Project("{FAE04EC0-301F-11D3-BF4B-00C04F79EFBC}") = "TavernTrashers.Gateway", "api\TavernTrashers.Gateway\TavernTrashers.Gateway.csproj", "{021D51DC-677B-4F7C-8A41-BD43875828E6}"
EndProject
Project("{2150E333-8FDC-42A3-9474-1A3956D46DE8}") = "Dice", "Dice", "{79252DCF-F430-49F5-9442-E2F45A55E68A}"
EndProject
Project("{FAE04EC0-301F-11D3-BF4B-00C04F79EFBC}") = "TavernTrashers.Api.Modules.Dice.Domain", "api\modules\dice\TavernTrashers.Api.Modules.Dice.Domain\TavernTrashers.Api.Modules.Dice.Domain.csproj", "{BF2CBC27-8450-458A-9C7F-D00D1166C0D9}"
EndProject
Project("{FAE04EC0-301F-11D3-BF4B-00C04F79EFBC}") = "TavernTrashers.Api.Modules.Dice.Application", "api\modules\dice\TavernTrashers.Api.Modules.Dice.Application\TavernTrashers.Api.Modules.Dice.Application.csproj", "{CAA43ACB-F1E8-4AF4-BECB-3D24FD6CD4C3}"
EndProject
Project("{FAE04EC0-301F-11D3-BF4B-00C04F79EFBC}") = "TavernTrashers.Api.Modules.Dice.Infrastructure", "api\modules\dice\TavernTrashers.Api.Modules.Dice.Infrastructure\TavernTrashers.Api.Modules.Dice.Infrastructure.csproj", "{FAFDADD4-E65B-4198-A844-8B376DADCA0B}"
EndProject
Project("{FAE04EC0-301F-11D3-BF4B-00C04F79EFBC}") = "TavernTrashers.Api.Modules.Dice.Presentation", "api\modules\dice\TavernTrashers.Api.Modules.Dice.Presentation\TavernTrashers.Api.Modules.Dice.Presentation.csproj", "{E668F92B-9876-458D-BAA0-2F8C7BFE439E}"
EndProject
Project("{FAE04EC0-301F-11D3-BF4B-00C04F79EFBC}") = "TavernTrashers.Api.Modules.Dice.Domain.Tests", "api\modules\dice\TavernTrashers.Api.Modules.Dice.Domain.Tests\TavernTrashers.Api.Modules.Dice.Domain.Tests.csproj", "{F4085B20-2389-422B-8E68-47F0B8893CD2}"
EndProject
Project("{FAE04EC0-301F-11D3-BF4B-00C04F79EFBC}") = "TavernTrashers.Api.Common.SourceGenerators", "api\common\TavernTrashers.Api.Common.SourceGenerators\TavernTrashers.Api.Common.SourceGenerators.csproj", "{DEF1E4B4-29F1-4004-B8D7-DA00BC2A3671}"
EndProject
Project("{2150E333-8FDC-42A3-9474-1A3956D46DE8}") = "Characters", "Characters", "{D570B53D-89B2-4591-B254-842BB096CCF8}"
EndProject
Project("{FAE04EC0-301F-11D3-BF4B-00C04F79EFBC}") = "TavernTrashers.Api.Modules.Characters.Domain", "api\modules\characters\TavernTrashers.Api.Modules.Characters.Domain\TavernTrashers.Api.Modules.Characters.Domain.csproj", "{BC2617E1-780A-4176-B773-AC1BD224DFD3}"
EndProject
Project("{FAE04EC0-301F-11D3-BF4B-00C04F79EFBC}") = "TavernTrashers.Api.Modules.Characters.Application", "api\modules\characters\TavernTrashers.Api.Modules.Characters.Application\TavernTrashers.Api.Modules.Characters.Application.csproj", "{BEE5E601-C0B7-44FB-B916-8926B2B42BE2}"
EndProject
Project("{FAE04EC0-301F-11D3-BF4B-00C04F79EFBC}") = "TavernTrashers.Api.Modules.Characters.Presentation", "api\modules\characters\TavernTrashers.Api.Modules.Characters.Presentation\TavernTrashers.Api.Modules.Characters.Presentation.csproj", "{71CD99E9-7296-4074-B237-F1D66F4D5596}"
EndProject
Project("{FAE04EC0-301F-11D3-BF4B-00C04F79EFBC}") = "TavernTrashers.Api.Modules.Characters.Infrastructure", "api\modules\characters\TavernTrashers.Api.Modules.Characters.Infrastructure\TavernTrashers.Api.Modules.Characters.Infrastructure.csproj", "{6C89AAE2-0525-45BD-B5C4-F0F9743AF39C}"
EndProject
Global
	GlobalSection(SolutionConfigurationPlatforms) = preSolution
		Debug|Any CPU = Debug|Any CPU
		Release|Any CPU = Release|Any CPU
	EndGlobalSection
	GlobalSection(NestedProjects) = preSolution
		{9603F123-0EE6-4E35-AE62-82D351B447A4} = {006DDED6-FB11-415E-904C-C7519131340B}
		{BF40278F-3179-4517-9283-C19DC36AA05C} = {006DDED6-FB11-415E-904C-C7519131340B}
		{24F0616C-0168-4577-9CC7-099136BED340} = {F95A2ACC-FEFE-4593-8ED8-A69312CA3548}
		{C1AEBE85-3C89-4742-B2AA-63ABE20931BA} = {F95A2ACC-FEFE-4593-8ED8-A69312CA3548}
		{348D770D-B6C0-4D6E-9039-C35630209945} = {F95A2ACC-FEFE-4593-8ED8-A69312CA3548}
		{7C5A081C-622E-4498-AEA3-2232BA31823D} = {F95A2ACC-FEFE-4593-8ED8-A69312CA3548}
		{1FF4209B-133B-4121-A124-A75140797D7E} = {7C5A081C-622E-4498-AEA3-2232BA31823D}
		{2966A66F-0AA1-428F-B3FB-9C92C4BE3D8C} = {348D770D-B6C0-4D6E-9039-C35630209945}
		{9E74B03F-3F2B-4B3D-8482-4DFBEEF10399} = {1FF4209B-133B-4121-A124-A75140797D7E}
		{C1F9F0C2-FB7B-4D8B-9523-5BA551AC4B5E} = {348D770D-B6C0-4D6E-9039-C35630209945}
		{BF0F8ADA-CBBB-446C-BF72-3C3369DB4B08} = {1FF4209B-133B-4121-A124-A75140797D7E}
		{466D0B98-0FB3-444C-88F8-2A83DE943FEE} = {1FF4209B-133B-4121-A124-A75140797D7E}
		{72B87F6F-D793-4CEC-9EBB-11B0A371DECC} = {348D770D-B6C0-4D6E-9039-C35630209945}
		{9603281F-69C0-47DF-85E8-F697DB2276A0} = {1FF4209B-133B-4121-A124-A75140797D7E}
		{DA97B6D6-1DE7-4081-955B-A24CBBB5E3C7} = {348D770D-B6C0-4D6E-9039-C35630209945}
		{EEB9DF11-D1D4-4632-9565-9261BE540488} = {1FF4209B-133B-4121-A124-A75140797D7E}
		{78264F5F-C517-4B6A-A6E9-1B1E14E7467A} = {348D770D-B6C0-4D6E-9039-C35630209945}
		{3F652053-B90E-45B2-8B66-6C22BFB393A8} = {7C5A081C-622E-4498-AEA3-2232BA31823D}
		{D92940B6-C4EB-4480-BB4C-42BC3BC9ECEA} = {3F652053-B90E-45B2-8B66-6C22BFB393A8}
		{471C54B1-3ED7-4BC2-AD8D-072067955C89} = {3F652053-B90E-45B2-8B66-6C22BFB393A8}
		{1C9EB4D1-7041-47E6-B1BB-EF19E0FBECDA} = {3F652053-B90E-45B2-8B66-6C22BFB393A8}
		{62B0F8C7-4694-413D-9C1D-07044E216F6C} = {3F652053-B90E-45B2-8B66-6C22BFB393A8}
		{AB10EAC5-293F-47A3-869E-CE69AB63F137} = {3F652053-B90E-45B2-8B66-6C22BFB393A8}
		{021D51DC-677B-4F7C-8A41-BD43875828E6} = {F95A2ACC-FEFE-4593-8ED8-A69312CA3548}
		{79252DCF-F430-49F5-9442-E2F45A55E68A} = {7C5A081C-622E-4498-AEA3-2232BA31823D}
		{BF2CBC27-8450-458A-9C7F-D00D1166C0D9} = {79252DCF-F430-49F5-9442-E2F45A55E68A}
		{CAA43ACB-F1E8-4AF4-BECB-3D24FD6CD4C3} = {79252DCF-F430-49F5-9442-E2F45A55E68A}
		{FAFDADD4-E65B-4198-A844-8B376DADCA0B} = {79252DCF-F430-49F5-9442-E2F45A55E68A}
		{E668F92B-9876-458D-BAA0-2F8C7BFE439E} = {79252DCF-F430-49F5-9442-E2F45A55E68A}
		{F4085B20-2389-422B-8E68-47F0B8893CD2} = {79252DCF-F430-49F5-9442-E2F45A55E68A}
		{DEF1E4B4-29F1-4004-B8D7-DA00BC2A3671} = {348D770D-B6C0-4D6E-9039-C35630209945}
		{D570B53D-89B2-4591-B254-842BB096CCF8} = {7C5A081C-622E-4498-AEA3-2232BA31823D}
		{BC2617E1-780A-4176-B773-AC1BD224DFD3} = {D570B53D-89B2-4591-B254-842BB096CCF8}
		{BEE5E601-C0B7-44FB-B916-8926B2B42BE2} = {D570B53D-89B2-4591-B254-842BB096CCF8}
		{71CD99E9-7296-4074-B237-F1D66F4D5596} = {D570B53D-89B2-4591-B254-842BB096CCF8}
		{6C89AAE2-0525-45BD-B5C4-F0F9743AF39C} = {D570B53D-89B2-4591-B254-842BB096CCF8}
	EndGlobalSection
	GlobalSection(ProjectConfigurationPlatforms) = postSolution
		{9603F123-0EE6-4E35-AE62-82D351B447A4}.Debug|Any CPU.ActiveCfg = Debug|Any CPU
		{9603F123-0EE6-4E35-AE62-82D351B447A4}.Debug|Any CPU.Build.0 = Debug|Any CPU
		{9603F123-0EE6-4E35-AE62-82D351B447A4}.Release|Any CPU.ActiveCfg = Release|Any CPU
		{9603F123-0EE6-4E35-AE62-82D351B447A4}.Release|Any CPU.Build.0 = Release|Any CPU
		{BF40278F-3179-4517-9283-C19DC36AA05C}.Debug|Any CPU.ActiveCfg = Debug|Any CPU
		{BF40278F-3179-4517-9283-C19DC36AA05C}.Debug|Any CPU.Build.0 = Debug|Any CPU
		{BF40278F-3179-4517-9283-C19DC36AA05C}.Release|Any CPU.ActiveCfg = Release|Any CPU
		{BF40278F-3179-4517-9283-C19DC36AA05C}.Release|Any CPU.Build.0 = Release|Any CPU
		{24F0616C-0168-4577-9CC7-099136BED340}.Debug|Any CPU.ActiveCfg = Debug|Any CPU
		{24F0616C-0168-4577-9CC7-099136BED340}.Debug|Any CPU.Build.0 = Debug|Any CPU
		{24F0616C-0168-4577-9CC7-099136BED340}.Release|Any CPU.ActiveCfg = Release|Any CPU
		{24F0616C-0168-4577-9CC7-099136BED340}.Release|Any CPU.Build.0 = Release|Any CPU
		{C1AEBE85-3C89-4742-B2AA-63ABE20931BA}.Debug|Any CPU.ActiveCfg = Debug|Any CPU
		{C1AEBE85-3C89-4742-B2AA-63ABE20931BA}.Debug|Any CPU.Build.0 = Debug|Any CPU
		{C1AEBE85-3C89-4742-B2AA-63ABE20931BA}.Release|Any CPU.ActiveCfg = Release|Any CPU
		{C1AEBE85-3C89-4742-B2AA-63ABE20931BA}.Release|Any CPU.Build.0 = Release|Any CPU
		{2966A66F-0AA1-428F-B3FB-9C92C4BE3D8C}.Debug|Any CPU.ActiveCfg = Debug|Any CPU
		{2966A66F-0AA1-428F-B3FB-9C92C4BE3D8C}.Debug|Any CPU.Build.0 = Debug|Any CPU
		{2966A66F-0AA1-428F-B3FB-9C92C4BE3D8C}.Release|Any CPU.ActiveCfg = Release|Any CPU
		{2966A66F-0AA1-428F-B3FB-9C92C4BE3D8C}.Release|Any CPU.Build.0 = Release|Any CPU
		{9E74B03F-3F2B-4B3D-8482-4DFBEEF10399}.Debug|Any CPU.ActiveCfg = Debug|Any CPU
		{9E74B03F-3F2B-4B3D-8482-4DFBEEF10399}.Debug|Any CPU.Build.0 = Debug|Any CPU
		{9E74B03F-3F2B-4B3D-8482-4DFBEEF10399}.Release|Any CPU.ActiveCfg = Release|Any CPU
		{9E74B03F-3F2B-4B3D-8482-4DFBEEF10399}.Release|Any CPU.Build.0 = Release|Any CPU
		{C1F9F0C2-FB7B-4D8B-9523-5BA551AC4B5E}.Debug|Any CPU.ActiveCfg = Debug|Any CPU
		{C1F9F0C2-FB7B-4D8B-9523-5BA551AC4B5E}.Debug|Any CPU.Build.0 = Debug|Any CPU
		{C1F9F0C2-FB7B-4D8B-9523-5BA551AC4B5E}.Release|Any CPU.ActiveCfg = Release|Any CPU
		{C1F9F0C2-FB7B-4D8B-9523-5BA551AC4B5E}.Release|Any CPU.Build.0 = Release|Any CPU
		{BF0F8ADA-CBBB-446C-BF72-3C3369DB4B08}.Debug|Any CPU.ActiveCfg = Debug|Any CPU
		{BF0F8ADA-CBBB-446C-BF72-3C3369DB4B08}.Debug|Any CPU.Build.0 = Debug|Any CPU
		{BF0F8ADA-CBBB-446C-BF72-3C3369DB4B08}.Release|Any CPU.ActiveCfg = Release|Any CPU
		{BF0F8ADA-CBBB-446C-BF72-3C3369DB4B08}.Release|Any CPU.Build.0 = Release|Any CPU
		{466D0B98-0FB3-444C-88F8-2A83DE943FEE}.Debug|Any CPU.ActiveCfg = Debug|Any CPU
		{466D0B98-0FB3-444C-88F8-2A83DE943FEE}.Debug|Any CPU.Build.0 = Debug|Any CPU
		{466D0B98-0FB3-444C-88F8-2A83DE943FEE}.Release|Any CPU.ActiveCfg = Release|Any CPU
		{466D0B98-0FB3-444C-88F8-2A83DE943FEE}.Release|Any CPU.Build.0 = Release|Any CPU
		{72B87F6F-D793-4CEC-9EBB-11B0A371DECC}.Debug|Any CPU.ActiveCfg = Debug|Any CPU
		{72B87F6F-D793-4CEC-9EBB-11B0A371DECC}.Debug|Any CPU.Build.0 = Debug|Any CPU
		{72B87F6F-D793-4CEC-9EBB-11B0A371DECC}.Release|Any CPU.ActiveCfg = Release|Any CPU
		{72B87F6F-D793-4CEC-9EBB-11B0A371DECC}.Release|Any CPU.Build.0 = Release|Any CPU
		{9603281F-69C0-47DF-85E8-F697DB2276A0}.Debug|Any CPU.ActiveCfg = Debug|Any CPU
		{9603281F-69C0-47DF-85E8-F697DB2276A0}.Debug|Any CPU.Build.0 = Debug|Any CPU
		{9603281F-69C0-47DF-85E8-F697DB2276A0}.Release|Any CPU.ActiveCfg = Release|Any CPU
		{9603281F-69C0-47DF-85E8-F697DB2276A0}.Release|Any CPU.Build.0 = Release|Any CPU
		{DA97B6D6-1DE7-4081-955B-A24CBBB5E3C7}.Debug|Any CPU.ActiveCfg = Debug|Any CPU
		{DA97B6D6-1DE7-4081-955B-A24CBBB5E3C7}.Debug|Any CPU.Build.0 = Debug|Any CPU
		{DA97B6D6-1DE7-4081-955B-A24CBBB5E3C7}.Release|Any CPU.ActiveCfg = Release|Any CPU
		{DA97B6D6-1DE7-4081-955B-A24CBBB5E3C7}.Release|Any CPU.Build.0 = Release|Any CPU
		{EEB9DF11-D1D4-4632-9565-9261BE540488}.Debug|Any CPU.ActiveCfg = Debug|Any CPU
		{EEB9DF11-D1D4-4632-9565-9261BE540488}.Debug|Any CPU.Build.0 = Debug|Any CPU
		{EEB9DF11-D1D4-4632-9565-9261BE540488}.Release|Any CPU.ActiveCfg = Release|Any CPU
		{EEB9DF11-D1D4-4632-9565-9261BE540488}.Release|Any CPU.Build.0 = Release|Any CPU
		{78264F5F-C517-4B6A-A6E9-1B1E14E7467A}.Debug|Any CPU.ActiveCfg = Debug|Any CPU
		{78264F5F-C517-4B6A-A6E9-1B1E14E7467A}.Debug|Any CPU.Build.0 = Debug|Any CPU
		{78264F5F-C517-4B6A-A6E9-1B1E14E7467A}.Release|Any CPU.ActiveCfg = Release|Any CPU
		{78264F5F-C517-4B6A-A6E9-1B1E14E7467A}.Release|Any CPU.Build.0 = Release|Any CPU
		{D92940B6-C4EB-4480-BB4C-42BC3BC9ECEA}.Debug|Any CPU.ActiveCfg = Debug|Any CPU
		{D92940B6-C4EB-4480-BB4C-42BC3BC9ECEA}.Debug|Any CPU.Build.0 = Debug|Any CPU
		{D92940B6-C4EB-4480-BB4C-42BC3BC9ECEA}.Release|Any CPU.ActiveCfg = Release|Any CPU
		{D92940B6-C4EB-4480-BB4C-42BC3BC9ECEA}.Release|Any CPU.Build.0 = Release|Any CPU
		{471C54B1-3ED7-4BC2-AD8D-072067955C89}.Debug|Any CPU.ActiveCfg = Debug|Any CPU
		{471C54B1-3ED7-4BC2-AD8D-072067955C89}.Debug|Any CPU.Build.0 = Debug|Any CPU
		{471C54B1-3ED7-4BC2-AD8D-072067955C89}.Release|Any CPU.ActiveCfg = Release|Any CPU
		{471C54B1-3ED7-4BC2-AD8D-072067955C89}.Release|Any CPU.Build.0 = Release|Any CPU
		{1C9EB4D1-7041-47E6-B1BB-EF19E0FBECDA}.Debug|Any CPU.ActiveCfg = Debug|Any CPU
		{1C9EB4D1-7041-47E6-B1BB-EF19E0FBECDA}.Debug|Any CPU.Build.0 = Debug|Any CPU
		{1C9EB4D1-7041-47E6-B1BB-EF19E0FBECDA}.Release|Any CPU.ActiveCfg = Release|Any CPU
		{1C9EB4D1-7041-47E6-B1BB-EF19E0FBECDA}.Release|Any CPU.Build.0 = Release|Any CPU
		{62B0F8C7-4694-413D-9C1D-07044E216F6C}.Debug|Any CPU.ActiveCfg = Debug|Any CPU
		{62B0F8C7-4694-413D-9C1D-07044E216F6C}.Debug|Any CPU.Build.0 = Debug|Any CPU
		{62B0F8C7-4694-413D-9C1D-07044E216F6C}.Release|Any CPU.ActiveCfg = Release|Any CPU
		{62B0F8C7-4694-413D-9C1D-07044E216F6C}.Release|Any CPU.Build.0 = Release|Any CPU
		{AB10EAC5-293F-47A3-869E-CE69AB63F137}.Debug|Any CPU.ActiveCfg = Debug|Any CPU
		{AB10EAC5-293F-47A3-869E-CE69AB63F137}.Debug|Any CPU.Build.0 = Debug|Any CPU
		{AB10EAC5-293F-47A3-869E-CE69AB63F137}.Release|Any CPU.ActiveCfg = Release|Any CPU
		{AB10EAC5-293F-47A3-869E-CE69AB63F137}.Release|Any CPU.Build.0 = Release|Any CPU
		{021D51DC-677B-4F7C-8A41-BD43875828E6}.Debug|Any CPU.ActiveCfg = Debug|Any CPU
		{021D51DC-677B-4F7C-8A41-BD43875828E6}.Debug|Any CPU.Build.0 = Debug|Any CPU
		{021D51DC-677B-4F7C-8A41-BD43875828E6}.Release|Any CPU.ActiveCfg = Release|Any CPU
		{021D51DC-677B-4F7C-8A41-BD43875828E6}.Release|Any CPU.Build.0 = Release|Any CPU
		{BF2CBC27-8450-458A-9C7F-D00D1166C0D9}.Debug|Any CPU.ActiveCfg = Debug|Any CPU
		{BF2CBC27-8450-458A-9C7F-D00D1166C0D9}.Debug|Any CPU.Build.0 = Debug|Any CPU
		{BF2CBC27-8450-458A-9C7F-D00D1166C0D9}.Release|Any CPU.ActiveCfg = Release|Any CPU
		{BF2CBC27-8450-458A-9C7F-D00D1166C0D9}.Release|Any CPU.Build.0 = Release|Any CPU
		{CAA43ACB-F1E8-4AF4-BECB-3D24FD6CD4C3}.Debug|Any CPU.ActiveCfg = Debug|Any CPU
		{CAA43ACB-F1E8-4AF4-BECB-3D24FD6CD4C3}.Debug|Any CPU.Build.0 = Debug|Any CPU
		{CAA43ACB-F1E8-4AF4-BECB-3D24FD6CD4C3}.Release|Any CPU.ActiveCfg = Release|Any CPU
		{CAA43ACB-F1E8-4AF4-BECB-3D24FD6CD4C3}.Release|Any CPU.Build.0 = Release|Any CPU
		{FAFDADD4-E65B-4198-A844-8B376DADCA0B}.Debug|Any CPU.ActiveCfg = Debug|Any CPU
		{FAFDADD4-E65B-4198-A844-8B376DADCA0B}.Debug|Any CPU.Build.0 = Debug|Any CPU
		{FAFDADD4-E65B-4198-A844-8B376DADCA0B}.Release|Any CPU.ActiveCfg = Release|Any CPU
		{FAFDADD4-E65B-4198-A844-8B376DADCA0B}.Release|Any CPU.Build.0 = Release|Any CPU
		{E668F92B-9876-458D-BAA0-2F8C7BFE439E}.Debug|Any CPU.ActiveCfg = Debug|Any CPU
		{E668F92B-9876-458D-BAA0-2F8C7BFE439E}.Debug|Any CPU.Build.0 = Debug|Any CPU
		{E668F92B-9876-458D-BAA0-2F8C7BFE439E}.Release|Any CPU.ActiveCfg = Release|Any CPU
		{E668F92B-9876-458D-BAA0-2F8C7BFE439E}.Release|Any CPU.Build.0 = Release|Any CPU
		{F4085B20-2389-422B-8E68-47F0B8893CD2}.Debug|Any CPU.ActiveCfg = Debug|Any CPU
		{F4085B20-2389-422B-8E68-47F0B8893CD2}.Debug|Any CPU.Build.0 = Debug|Any CPU
		{F4085B20-2389-422B-8E68-47F0B8893CD2}.Release|Any CPU.ActiveCfg = Release|Any CPU
		{F4085B20-2389-422B-8E68-47F0B8893CD2}.Release|Any CPU.Build.0 = Release|Any CPU
		{DEF1E4B4-29F1-4004-B8D7-DA00BC2A3671}.Debug|Any CPU.ActiveCfg = Debug|Any CPU
		{DEF1E4B4-29F1-4004-B8D7-DA00BC2A3671}.Debug|Any CPU.Build.0 = Debug|Any CPU
		{DEF1E4B4-29F1-4004-B8D7-DA00BC2A3671}.Release|Any CPU.ActiveCfg = Release|Any CPU
		{DEF1E4B4-29F1-4004-B8D7-DA00BC2A3671}.Release|Any CPU.Build.0 = Release|Any CPU
		{BC2617E1-780A-4176-B773-AC1BD224DFD3}.Debug|Any CPU.ActiveCfg = Debug|Any CPU
		{BC2617E1-780A-4176-B773-AC1BD224DFD3}.Debug|Any CPU.Build.0 = Debug|Any CPU
		{BC2617E1-780A-4176-B773-AC1BD224DFD3}.Release|Any CPU.ActiveCfg = Release|Any CPU
		{BC2617E1-780A-4176-B773-AC1BD224DFD3}.Release|Any CPU.Build.0 = Release|Any CPU
		{BEE5E601-C0B7-44FB-B916-8926B2B42BE2}.Debug|Any CPU.ActiveCfg = Debug|Any CPU
		{BEE5E601-C0B7-44FB-B916-8926B2B42BE2}.Debug|Any CPU.Build.0 = Debug|Any CPU
		{BEE5E601-C0B7-44FB-B916-8926B2B42BE2}.Release|Any CPU.ActiveCfg = Release|Any CPU
		{BEE5E601-C0B7-44FB-B916-8926B2B42BE2}.Release|Any CPU.Build.0 = Release|Any CPU
		{71CD99E9-7296-4074-B237-F1D66F4D5596}.Debug|Any CPU.ActiveCfg = Debug|Any CPU
		{71CD99E9-7296-4074-B237-F1D66F4D5596}.Debug|Any CPU.Build.0 = Debug|Any CPU
		{71CD99E9-7296-4074-B237-F1D66F4D5596}.Release|Any CPU.ActiveCfg = Release|Any CPU
		{71CD99E9-7296-4074-B237-F1D66F4D5596}.Release|Any CPU.Build.0 = Release|Any CPU
		{6C89AAE2-0525-45BD-B5C4-F0F9743AF39C}.Debug|Any CPU.ActiveCfg = Debug|Any CPU
		{6C89AAE2-0525-45BD-B5C4-F0F9743AF39C}.Debug|Any CPU.Build.0 = Debug|Any CPU
		{6C89AAE2-0525-45BD-B5C4-F0F9743AF39C}.Release|Any CPU.ActiveCfg = Release|Any CPU
		{6C89AAE2-0525-45BD-B5C4-F0F9743AF39C}.Release|Any CPU.Build.0 = Release|Any CPU
	EndGlobalSection
EndGlobal
